version = 1
revision = 3
requires-python = ">=3.12"

[[package]]
name = "faker"
version = "40.23.0"
source = { registry = "https://pypi.org/simple" }
dependencies = [
    { name = "tzdata", marker = "sys_platform == 'win32'" },
]
sdist = { url = "https://files.pythonhosted.org/packages/f3/d6/fc071e5754815d9058e12ab549cc88e90f8f4ecf4dc33b6b750cdf4b622d/faker-40.23.0.tar.gz", hash = "sha256:f135e563f1f95f19346bb680bc2e43570bc43b7893e566023746f51f32c69dfc", size = 1972975, upload-time = "2026-06-10T20:53:21.611Z" }
wheels = [
    { url = "https://files.pythonhosted.org/packages/64/5f/824e6fb3e9d63408151dc9173994fa65bde620a67dde3a59354f5aecd497/faker-40.23.0-py3-none-any.whl", hash = "sha256:775922453e54afa42eaf60eac478fa3a969357f224d09a8022b93e3ad88f18ae", size = 2013046, upload-time = "2026-06-10T20:53:19.226Z" },
]

[[package]]
name = "project-f"
version = "0.1.0"
source = { virtual = "." }
dependencies = [
    { name = "faker" },
]

[package.metadata]
requires-dist = [{ name = "faker", specifier = ">=40.23.0" }]

[[package]]
name = "tzdata"
version = "2026.2"
source = { registry = "https://pypi.org/simple" }
sdist = { url = "https://files.pythonhosted.org/packages/ba/19/1b9b0e29f30c6d35cb345486df41110984ea67ae69dddbc0e8a100999493/tzdata-2026.2.tar.gz", hash = "sha256:9173fde7d80d9018e02a662e168e5a2d04f87c41ea174b139fbef642eda62d10", size = 198254, upload-time = "2026-04-24T15:22:08.651Z" }
wheels = [
    { url = "https://files.pythonhosted.org/packages/ce/e4/dccd7f47c4b64213ac01ef921a1337ee6e30e8c6466046018326977efd95/tzdata-2026.2-py2.py3-none-any.whl", hash = "sha256:bbe9af844f658da81a5f95019480da3a89415801f6cc966806612cc7169bffe7", size = 349321, upload-time = "2026-04-24T15:22:05.876Z" },
]
